
Microsoft Visual Studio Solution File, Format Version 12.00
# Visual Studio Version 17
VisualStudioVersion = 17.1.32210.238
MinimumVisualStudioVersion = 10.0.40219.1
Project("{FAE04EC0-301F-11D3-BF4B-00C04F79EFBC}") = "CheckForElementInArray", "CheckForElementInArray.csproj", "{2F270FD9-9621-4BBA-8021-8D02AE0A8BC0}"
EndProject
Project("{FAE04EC0-301F-11D3-BF4B-00C04F79EFBC}") = "CountEvenAndOddNumbersInArray", "..\CountEvenAndOddNumbersInArray\CountEvenAndOddNumbersInArray.csproj", "{65A6F900-655B-45B3-B626-8346E195DA98}"
EndProject
Project("{FAE04EC0-301F-11D3-BF4B-00C04F79EFBC}") = "MaxAndMinNumberInArray", "..\MaxAndMinNumberInArray\MaxAndMinNumberInArray.csproj", "{6D320873-0B63-4C43-BC33-1BDCEE4F8F59}"
EndProject
Global
	GlobalSection(SolutionConfigurationPlatforms) = preSolution
		Debug|Any CPU = Debug|Any CPU
		Release|Any CPU = Release|Any CPU
	EndGlobalSection
	GlobalSection(ProjectConfigurationPlatforms) = postSolution
		{2F270FD9-9621-4BBA-8021-8D02AE0A8BC0}.Debug|Any CPU.ActiveCfg = Debug|Any CPU
		{2F270FD9-9621-4BBA-8021-8D02AE0A8BC0}.Debug|Any CPU.Build.0 = Debug|Any CPU
		{2F270FD9-9621-4BBA-8021-8D02AE0A8BC0}.Release|Any CPU.ActiveCfg = Release|Any CPU
		{2F270FD9-9621-4BBA-8021-8D02AE0A8BC0}.Release|Any CPU.Build.0 = Release|Any CPU
		{65A6F900-655B-45B3-B626-8346E195DA98}.Debug|Any CPU.ActiveCfg = Debug|Any CPU
		{65A6F900-655B-45B3-B626-8346E195DA98}.Debug|Any CPU.Build.0 = Debug|Any CPU
		{65A6F900-655B-45B3-B626-8346E195DA98}.Release|Any CPU.ActiveCfg = Release|Any CPU
		{65A6F900-655B-45B3-B626-8346E195DA98}.Release|Any CPU.Build.0 = Release|Any CPU
		{6D320873-0B63-4C43-BC33-1BDCEE4F8F59}.Debug|Any CPU.ActiveCfg = Debug|Any CPU
		{6D320873-0B63-4C43-BC33-1BDCEE4F8F59}.Debug|Any CPU.Build.0 = Debug|Any CPU
		{6D320873-0B63-4C43-BC33-1BDCEE4F8F59}.Release|Any CPU.ActiveCfg = Release|Any CPU
		{6D320873-0B63-4C43-BC33-1BDCEE4F8F59}.Release|Any CPU.Build.0 = Release|Any CPU
	EndGlobalSection
	GlobalSection(SolutionProperties) = preSolution
		HideSolutionNode = FALSE
	EndGlobalSection
	GlobalSection(ExtensibilityGlobals) = postSolution
		SolutionGuid = {75EAF2F4-8287-4C4F-A021-59872C9ABA5C}
	EndGlobalSection
EndGlobal
